PODS:
  - Alamofire (5.7.1)
  - Flutter (1.0.0)
  - nuvei_payment_wrapper (0.0.1):
    - Alamofire (= 5.7.1)
    - Flutter
    - SDWebImage (= 5.15.7)
    - SwiftyJSON (= 5.0.1)
    - TinyConstraints (= 4.0.2)
  - SDWebImage (5.15.7):
    - SDWebImage/Core (= 5.15.7)
  - SDWebImage/Core (5.15.7)
  - SwiftyJSON (5.0.1)
  - TinyConstraints (4.0.2)

DEPENDENCIES:
  - Flutter (from `Flutter`)
  - nuvei_payment_wrapper (from `.symlinks/plugins/nuvei_payment_wrapper/ios`)

SPEC REPOS:
  trunk:
    - Alamofire
    - SDWebImage
    - SwiftyJSON
    - TinyConstraints

EXTERNAL SOURCES:
  Flutter:
    :path: Flutter
  nuvei_payment_wrapper:
    :path: ".symlinks/plugins/nuvei_payment_wrapper/ios"

SPEC CHECKSUMS:
  Alamofire: 0123a34370cb170936ae79a8df46cc62b2edeb88
  Flutter: f04841e97a9d0b0a8025694d0796dd46242b2854
  nuvei_payment_wrapper: a7d421decf1b2f5a89f43b894515982c1b56b3ea
  SDWebImage: 25bac438318faf37e35650619ebc288a9061d292
  SwiftyJSON: 2f33a42c6fbc52764d96f13368585094bfd8aa5e
  TinyConstraints: 7b7ccc0c485bb3bb47082138ff28bc33cd49897f

PODFILE CHECKSUM: 7d195039a6eaee4ad047138f0223b3141255a6bf

COCOAPODS: 1.15.2
